hash: 8aee6fd89485ad7728c8bf20e68ba38d0d74a1de60c74f86c9fef674b45a9fa0
updated: 2019-09-20T17:02:27.986121+08:00
imports:
- name: github.com/BurntSushi/toml
  version: 3012a1dbe2e4bd1391d42b32f0577cb7bbc7f005
- name: github.com/go-sql-driver/mysql
  version: 72cd26f257d44c1114970e19afddcd812016007e
- name: github.com/jinzhu/gorm
  version: 836fb2c19d84dac7b0272958dfb9af7cf0d0ade4
  subpackages:
  - dialects/mysql
- name: github.com/jinzhu/inflection
  version: f5c5f50e6090ae76a29240b61ae2a90dd810112e
- name: github.com/labstack/echo
  version: 88a9ad73ec5303231a3b843960cefaa8fe666510
- name: github.com/labstack/gommon
  version: 4919956f6fb227b548f004da27c7c6b20fba499f
  subpackages:
  - color
  - log
- name: github.com/mattn/go-colorable
  version: 388941e3ea99c461d2bc2747eaf27741b6dda096
- name: github.com/mattn/go-isatty
  version: bf9a1dea1961e1d831824fb135332bfb8c10e8b8
- name: github.com/valyala/bytebufferpool
  version: cdfbe9377474227bb42120c1e22fd4433e7f69bf
- name: github.com/valyala/fasttemplate
  version: 8b5e4e491ab636663841c42ea3c5a9adebabaf36
- name: golang.org/x/crypto
  version: 9756ffdc24725223350eb3266ffb92590d28f278
  subpackages:
  - acme
  - acme/autocert
- name: golang.org/x/net
  version: ba9fcec4b297b415637633c5a6e8fa592e4a16c3
  subpackages:
  - idna
- name: golang.org/x/sys
  version: 9109b7679e13aa34a54834cfb4949cac4b96e576
  subpackages:
  - unix
- name: golang.org/x/text
  version: 3d0f7978add91030e5e8976ff65ccdd828286cba
  subpackages:
  - secure/bidirule
  - transform
  - unicode/bidi
  - unicode/norm
- name: google.golang.org/appengine
  version: c71d63e301d75423acb410203c747cad31e9a5e7
  subpackages:
  - cloudsql
testImports: []
